
Microsoft Visual Studio Solution File, Format Version 12.00
# Visual Studio Version 17
VisualStudioVersion = 17.0.31903.59
MinimumVisualStudioVersion = 10.0.40219.1
Project("{FAE04EC0-301F-11D3-BF4B-00C04F79EFBC}") = "FaaSDES.UI", "FaaSDES.UI\FaaSDES.UI.csproj", "{51CB38B2-1C26-41A2-A45E-6BB85905D444}"
EndProject
Global
	GlobalSection(SolutionConfigurationPlatforms) = preSolution
		Debug|Any CPU = Debug|Any CPU
		Release|Any CPU = Release|Any CPU
	EndGlobalSection
	GlobalSection(ProjectConfigurationPlatforms) = postSolution
		{51CB38B2-1C26-41A2-A45E-6BB85905D444}.Debug|Any CPU.ActiveCfg = Debug|Any CPU
		{51CB38B2-1C26-41A2-A45E-6BB85905D444}.Debug|Any CPU.Build.0 = Debug|Any CPU
		{51CB38B2-1C26-41A2-A45E-6BB85905D444}.Release|Any CPU.ActiveCfg = Release|Any CPU
		{51CB38B2-1C26-41A2-A45E-6BB85905D444}.Release|Any CPU.Build.0 = Release|Any CPU
	EndGlobalSection
	GlobalSection(SolutionProperties) = preSolution
		HideSolutionNode = FALSE
	EndGlobalSection
	GlobalSection(ExtensibilityGlobals) = postSolution
		SolutionGuid = {5A35B2BA-9C1E-4614-9EBE-03CB686FF350}
	EndGlobalSection
EndGlobal
